
Microsoft Visual Studio Solution File, Format Version 12.00
# Visual Studio Version 16
VisualStudioVersion = 16.0.31313.79
MinimumVisualStudioVersion = 10.0.40219.1
Project("{FAE04EC0-301F-11D3-BF4B-00C04F79EFBC}") = "DonnaGabriela", "DonnaGabriela.csproj", "{677E2BF2-7677-4CE5-A387-DBD231776DDB}"
EndProject
Global
	GlobalSection(SolutionConfigurationPlatforms) = preSolution
		Debug|Any CPU = Debug|Any CPU
		Release|Any CPU = Release|Any CPU
	EndGlobalSection
	GlobalSection(ProjectConfigurationPlatforms) = postSolution
		{677E2BF2-7677-4CE5-A387-DBD231776DDB}.Debug|Any CPU.ActiveCfg = Debug|Any CPU
		{677E2BF2-7677-4CE5-A387-DBD231776DDB}.Debug|Any CPU.Build.0 = Debug|Any CPU
		{677E2BF2-7677-4CE5-A387-DBD231776DDB}.Release|Any CPU.ActiveCfg = Release|Any CPU
		{677E2BF2-7677-4CE5-A387-DBD231776DDB}.Release|Any CPU.Build.0 = Release|Any CPU
	EndGlobalSection
	GlobalSection(SolutionProperties) = preSolution
		HideSolutionNode = FALSE
	EndGlobalSection
	GlobalSection(ExtensibilityGlobals) = postSolution
		SolutionGuid = {94AA3DEC-24FC-42DB-82F3-28475A668D21}
	EndGlobalSection
EndGlobal
